# This file is automatically @generated by Poetry 1.8.3 and should not be changed by hand.

[[package]]
name = "pip"
version = "24.2"
description = "The PyPA recommended tool for installing Python packages."
optional = false
python-versions = ">=3.8"
files = [
    {file = "pip-24.2-py3-none-any.whl", hash = "sha256:2cd581cf58ab7fcfca4ce8efa6dcacd0de5bf8d0a3eb9ec927e07405f4d9e2a2"},
    {file = "pip-24.2.tar.gz", hash = "sha256:5b5e490b5e9cb275c879595064adce9ebd31b854e3e803740b72f9ccf34a45b8"},
]

[metadata]
lock-version = "2.0"
python-versions = "^3.10"
content-hash = "9563b518bcc37f78e10c494ab7dd463fd4e97875f8810cd602cbb286981884d7"
